{
  "name": "ab-webpack-plugin",
  "version": "0.2.2",
  "lockfileVersion": 1,
  "requires": true,
  "dependencies": {
    "incstr": {
      "version": "1.2.3",
      "resolved": "https://registry.npmjs.org/incstr/-/incstr-1.2.3.tgz",
      "integrity": "sha512-ySi29Lzdc3QnB1LzZgRf5kl59m5tPucNagrAyJJ9rWz4+Pa6IxAHSNyUHYvEvaj6QPwWAY2/thi3Rxt45qi3HQ=="
    },
    "neo-async": {
      "version": "2.5.0",
      "resolved": "https://registry.npmjs.org/neo-async/-/neo-async-2.5.0.tgz",
      "integrity": "sha512-nJmSswG4As/MkRq7QZFuH/sf/yuv8ODdMZrY4Bedjp77a5MK4A6s7YbBB64c9u79EBUOfXUXBvArmvzTD0X+6g=="
    }
  }
}
